Microsoft Visual Studio Solution File, Format Version 12.00
# Visual Studio Version 17
VisualStudioVersion = 17.0.31903.59
MinimumVisualStudioVersion = 10.0.40219.1
Project("{FAE04EC0-301F-11D3-BF4B-00C04F79EFBC}") = "BugPro", "BugPro\BugPro.csproj", "{B7D23E5F-8A4B-4C2E-9F1A-3D6B8E7C9F0A}"
EndProject
Project("{FAE04EC0-301F-11D3-BF4B-00C04F79EFBC}") = "BugTests", "BugTests\BugTests.csproj", "{C8E34F6A-9B5C-4D3F-0E2B-4E7F8A9B0C1D}"
EndProject
Global
	GlobalSection(SolutionConfigurationPlatforms) = preSolution
		Debug|Any CPU = Debug|Any CPU
		Release|Any CPU = Release|Any CPU
	EndGlobalSection
	GlobalSection(ProjectConfigurationPlatforms) = postSolution
		{B7D23E5F-8A4B-4C2E-9F1A-3D6B8E7C9F0A}.Debug|Any CPU.ActiveCfg = Debug|Any CPU
		{B7D23E5F-8A4B-4C2E-9F1A-3D6B8E7C9F0A}.Debug|Any CPU.Build.0 = Debug|Any CPU
		{B7D23E5F-8A4B-4C2E-9F1A-3D6B8E7C9F0A}.Release|Any CPU.ActiveCfg = Release|Any CPU
		{B7D23E5F-8A4B-4C2E-9F1A-3D6B8E7C9F0A}.Release|Any CPU.Build.0 = Release|Any CPU
		{C8E34F6A-9B5C-4D3F-0E2B-4E7F8A9B0C1D}.Debug|Any CPU.ActiveCfg = Debug|Any CPU
		{C8E34F6A-9B5C-4D3F-0E2B-4E7F8A9B0C1D}.Debug|Any CPU.Build.0 = Debug|Any CPU
		{C8E34F6A-9B5C-4D3F-0E2B-4E7F8A9B0C1D}.Release|Any CPU.ActiveCfg = Release|Any CPU
		{C8E34F6A-9B5C-4D3F-0E2B-4E7F8A9B0C1D}.Release|Any CPU.Build.0 = Release|Any CPU
	EndGlobalSection
	GlobalSection(SolutionProperties) = preSolution
		HideSolutionNode = FALSE
	EndGlobalSection
EndGlobal